// !$*UTF8*$!
{
	archiveVersion = 1;
	classes = {
	};
	objectVersion = 46;
	objects = {

/* Begin PBXBuildFile section */
		5D120F3E1CF786FA00BF41FE /* LITabCell.m in Sources */ = {isa = PBXBuildFile; fileRef = 5D120F351CF786FA00BF41FE /* LITabCell.m */; };
		5D120F3F1CF786FA00BF41FE /* LITabControl.m in Sources */ = {isa = PBXBuildFile; fileRef = 5D120F371CF786FA00BF41FE /* LITabControl.m */; };
		5D120F431CF786FA00BF41FE /* NSImage+LITabControl.m in Sources */ = {isa = PBXBuildFile; fileRef = 5D120F3C1CF786FA00BF41FE /* NSImage+LITabControl.m */; };
		5D120F461CF7885400BF41FE /* KJBrowserWindowPostsTabItem.swift in Sources */ = {isa = PBXBuildFile; fileRef = 5D120F451CF7885400BF41FE /* KJBrowserWindowPostsTabItem.swift */; };
		5D7957BF1CF9F51C00CFE83E /* KJConstants.swift in Sources */ = {isa = PBXBuildFile; fileRef = 5D7957BE1CF9F51C00CFE83E /* KJConstants.swift */; };
		5D7B17E61CFA11130062705C /* KJ4CUtilities.swift in Sources */ = {isa = PBXBuildFile; fileRef = 5D7B17E51CFA11130062705C /* KJ4CUtilities.swift */; };
		5D7F2E861CFA154C008FFAB2 /* KJ4CPost.swift in Sources */ = {isa = PBXBuildFile; fileRef = 5D7F2E851CFA154C008FFAB2 /* KJ4CPost.swift */; };
		5D7F2E881CFA1580008FFAB2 /* KJ4CBoard.swift in Sources */ = {isa = PBXBuildFile; fileRef = 5D7F2E871CFA1580008FFAB2 /* KJ4CBoard.swift */; };
		5D83AB121CF769EF00B4F81B /* KJColoredView.swift in Sources */ = {isa = PBXBuildFile; fileRef = 5D83AB111CF769EF00B4F81B /* KJColoredView.swift */; };
		5D83AB141CF76AAF00B4F81B /* KJNoDividerSplitView.swift in Sources */ = {isa = PBXBuildFile; fileRef = 5D83AB131CF76AAF00B4F81B /* KJNoDividerSplitView.swift */; };
		5D83AB1C1CF7705200B4F81B /* KJBrowserWindowSidebarViewController.swift in Sources */ = {isa = PBXBuildFile; fileRef = 5D83AB1B1CF7705200B4F81B /* KJBrowserWindowSidebarViewController.swift */; };
		5D83AB1F1CF7708600B4F81B /* KJBrowserWindowPostsViewController.swift in Sources */ = {isa = PBXBuildFile; fileRef = 5D83AB1E1CF7708600B4F81B /* KJBrowserWindowPostsViewController.swift */; };
		5D83AB221CF7758A00B4F81B /* KJBrowserWindowSplitViewController.swift in Sources */ = {isa = PBXBuildFile; fileRef = 5D83AB211CF7758A00B4F81B /* KJBrowserWindowSplitViewController.swift */; };
		5D8485521CFA11CD008A0F8F /* SwiftyJSON.swift in Sources */ = {isa = PBXBuildFile; fileRef = 5D8485511CFA11CD008A0F8F /* SwiftyJSON.swift */; };
		5D89F1CB1CF8E23F006752C5 /* KJPostViewerViewController.swift in Sources */ = {isa = PBXBuildFile; fileRef = 5D89F1CA1CF8E23F006752C5 /* KJPostViewerViewController.swift */; };
		5DC1063E1CFA146C00F471A9 /* PXSourceListDelegateDataSourceProxy.m in Sources */ = {isa = PBXBuildFile; fileRef = 5DC1062E1CFA146C00F471A9 /* PXSourceListDelegateDataSourceProxy.m */; };
		5DC1063F1CFA146C00F471A9 /* PXSourceListRuntimeAdditions.m in Sources */ = {isa = PBXBuildFile; fileRef = 5DC106311CFA146C00F471A9 /* PXSourceListRuntimeAdditions.m */; };
		5DC106401CFA146C00F471A9 /* PXSourceList.m in Sources */ = {isa = PBXBuildFile; fileRef = 5DC106331CFA146C00F471A9 /* PXSourceList.m */; };
		5DC106411CFA146C00F471A9 /* PXSourceListBadgeCell.m in Sources */ = {isa = PBXBuildFile; fileRef = 5DC106351CFA146C00F471A9 /* PXSourceListBadgeCell.m */; };
		5DC106421CFA146C00F471A9 /* PXSourceListBadgeView.m in Sources */ = {isa = PBXBuildFile; fileRef = 5DC106371CFA146C00F471A9 /* PXSourceListBadgeView.m */; };
		5DC106431CFA146C00F471A9 /* PXSourceListItem.m in Sources */ = {isa = PBXBuildFile; fileRef = 5DC1063B1CFA146C00F471A9 /* PXSourceListItem.m */; };
		5DC106441CFA146C00F471A9 /* PXSourceListTableCellView.m in Sources */ = {isa = PBXBuildFile; fileRef = 5DC1063D1CFA146C00F471A9 /* PXSourceListTableCellView.m */; };
		5DE69AF71CF75FA2001772BF /* AppDelegate.swift in Sources */ = {isa = PBXBuildFile; fileRef = 5DE69AF61CF75FA2001772BF /* AppDelegate.swift */; };
		5DE69AF91CF75FA2001772BF /* ViewController.swift in Sources */ = {isa = PBXBuildFile; fileRef = 5DE69AF81CF75FA2001772BF /* ViewController.swift */; };
		5DE69AFB1CF75FA2001772BF /* Assets.xcassets in Resources */ = {isa = PBXBuildFile; fileRef = 5DE69AFA1CF75FA2001772BF /* Assets.xcassets */; };
		5DE69AFE1CF75FA2001772BF /* Main.storyboard in Resources */ = {isa = PBXBuildFile; fileRef = 5DE69AFC1CF75FA2001772BF /* Main.storyboard */; };
		5DE69B091CF75FA2001772BF /* KeijibanTests.swift in Sources */ = {isa = PBXBuildFile; fileRef = 5DE69B081CF75FA2001772BF /* KeijibanTests.swift */; };
		5DE69B141CF75FA2001772BF /* KeijibanUITests.swift in Sources */ = {isa = PBXBuildFile; fileRef = 5DE69B131CF75FA2001772BF /* KeijibanUITests.swift */; };
		A2A0ABBC4AF15446AF63AD36 /* Pods_KeijibanTests.framework in Frameworks */ = {isa = PBXBuildFile; fileRef = D491B80E325BCAA4C2783710 /* Pods_KeijibanTests.framework */; };
		B979DBA7306C15BD001D1433 /* Pods_Keijiban.framework in Frameworks */ = {isa = PBXBuildFile; fileRef = D2D88563671BA85086297832 /* Pods_Keijiban.framework */; };
		F184E94ED3CE0AE3C97DA811 /* Pods_KeijibanUITests.framework in Frameworks */ = {isa = PBXBuildFile; fileRef = 7C251CEA02873653591170F6 /* Pods_KeijibanUITests.framework */; };
/* End PBXBuildFile section */

/* Begin PBXContainerItemProxy section */
		5DE69B051CF75FA2001772BF /* PBXContainerItemProxy */ = {
			isa = PBXContainerItemProxy;
			containerPortal = 5DE69AEB1CF75FA2001772BF /* Project object */;
			proxyType = 1;
			remoteGlobalIDString = 5DE69AF21CF75FA2001772BF;
			remoteInfo = Keijiban;
		};
		5DE69B101CF75FA2001772BF /* PBXContainerItemProxy */ = {
			isa = PBXContainerItemProxy;
			containerPortal = 5DE69AEB1CF75FA2001772BF /* Project object */;
			proxyType = 1;
			remoteGlobalIDString = 5DE69AF21CF75FA2001772BF;
			remoteInfo = Keijiban;
		};
/* End PBXContainerItemProxy section */

/* Begin PBXFileReference section */
		306B504F624CC5439ADE3E07 /* Pods-Keijiban.release.xcconfig */ = {isa = PBXFileReference; includeInIndex = 1; lastKnownFileType = text.xcconfig; name = "Pods-Keijiban.release.xcconfig"; path = "Pods/Target Support Files/Pods-Keijiban/Pods-Keijiban.release.xcconfig"; sourceTree = "<group>"; };
		5D120F1E1CF7867B00BF41FE /* Keijiban-Bridging-Header.h */ = {isa = PBXFileReference; lastKnownFileType = sourcecode.c.h; path = "Keijiban-Bridging-Header.h"; sourceTree = "<group>"; };
		5D120F341CF786FA00BF41FE /* LITabCell.h */ = {isa = PBXFileReference; fileEncoding = 4; lastKnownFileType = sourcecode.c.h; path = LITabCell.h; sourceTree = "<group>"; };
		5D120F351CF786FA00BF41FE /* LITabCell.m */ = {isa = PBXFileReference; fileEncoding = 4; lastKnownFileType = sourcecode.c.objc; path = LITabCell.m; sourceTree = "<group>"; };
		5D120F361CF786FA00BF41FE /* LITabControl.h */ = {isa = PBXFileReference; fileEncoding = 4; lastKnownFileType = sourcecode.c.h; path = LITabControl.h; sourceTree = "<group>"; };
		5D120F371CF786FA00BF41FE /* LITabControl.m */ = {isa = PBXFileReference; fileEncoding = 4; lastKnownFileType = sourcecode.c.objc; path = LITabControl.m; sourceTree = "<group>"; };
		5D120F3B1CF786FA00BF41FE /* NSImage+LITabControl.h */ = {isa = PBXFileReference; fileEncoding = 4; lastKnownFileType = sourcecode.c.h; path = "NSImage+LITabControl.h"; sourceTree = "<group>"; };
		5D120F3C1CF786FA00BF41FE /* NSImage+LITabControl.m */ = {isa = PBXFileReference; fileEncoding = 4; lastKnownFileType = sourcecode.c.objc; path = "NSImage+LITabControl.m"; sourceTree = "<group>"; };
		5D120F451CF7885400BF41FE /* KJBrowserWindowPostsTabItem.swift */ = {isa = PBXFileReference; fileEncoding = 4; lastKnownFileType = sourcecode.swift; path = KJBrowserWindowPostsTabItem.swift; sourceTree = "<group>"; };
		5D7957BE1CF9F51C00CFE83E /* KJConstants.swift */ = {isa = PBXFileReference; fileEncoding = 4; lastKnownFileType = sourcecode.swift; path = KJConstants.swift; sourceTree = "<group>"; };
		5D7B17E51CFA11130062705C /* KJ4CUtilities.swift */ = {isa = PBXFileReference; fileEncoding = 4; lastKnownFileType = sourcecode.swift; path = KJ4CUtilities.swift; sourceTree = "<group>"; };
		5D7F2E851CFA154C008FFAB2 /* KJ4CPost.swift */ = {isa = PBXFileReference; fileEncoding = 4; lastKnownFileType = sourcecode.swift; path = KJ4CPost.swift; sourceTree = "<group>"; };
		5D7F2E871CFA1580008FFAB2 /* KJ4CBoard.swift */ = {isa = PBXFileReference; fileEncoding = 4; lastKnownFileType = sourcecode.swift; path = KJ4CBoard.swift; sourceTree = "<group>"; };
		5D83AB111CF769EF00B4F81B /* KJColoredView.swift */ = {isa = PBXFileReference; fileEncoding = 4; lastKnownFileType = sourcecode.swift; path = KJColoredView.swift; sourceTree = "<group>"; };
		5D83AB131CF76AAF00B4F81B /* KJNoDividerSplitView.swift */ = {isa = PBXFileReference; fileEncoding = 4; lastKnownFileType = sourcecode.swift; path = KJNoDividerSplitView.swift; sourceTree = "<group>"; };
		5D83AB1B1CF7705200B4F81B /* KJBrowserWindowSidebarViewController.swift */ = {isa = PBXFileReference; fileEncoding = 4; lastKnownFileType = sourcecode.swift; path = KJBrowserWindowSidebarViewController.swift; sourceTree = "<group>"; };
		5D83AB1E1CF7708600B4F81B /* KJBrowserWindowPostsViewController.swift */ = {isa = PBXFileReference; fileEncoding = 4; lastKnownFileType = sourcecode.swift; path = KJBrowserWindowPostsViewController.swift; sourceTree = "<group>"; };
		5D83AB211CF7758A00B4F81B /* KJBrowserWindowSplitViewController.swift */ = {isa = PBXFileReference; fileEncoding = 4; lastKnownFileType = sourcecode.swift; path = KJBrowserWindowSplitViewController.swift; sourceTree = "<group>"; };
		5D8485511CFA11CD008A0F8F /* SwiftyJSON.swift */ = {isa = PBXFileReference; fileEncoding = 4; lastKnownFileType = sourcecode.swift; path = SwiftyJSON.swift; sourceTree = "<group>"; };
		5D89F1CA1CF8E23F006752C5 /* KJPostViewerViewController.swift */ = {isa = PBXFileReference; fileEncoding = 4; lastKnownFileType = sourcecode.swift; path = KJPostViewerViewController.swift; sourceTree = "<group>"; };
		5DC1062D1CFA146C00F471A9 /* PXSourceListDelegateDataSourceProxy.h */ = {isa = PBXFileReference; fileEncoding = 4; lastKnownFileType = sourcecode.c.h; path = PXSourceListDelegateDataSourceProxy.h; sourceTree = "<group>"; };
		5DC1062E1CFA146C00F471A9 /* PXSourceListDelegateDataSourceProxy.m */ = {isa = PBXFileReference; fileEncoding = 4; lastKnownFileType = sourcecode.c.objc; path = PXSourceListDelegateDataSourceProxy.m; sourceTree = "<group>"; };
		5DC1062F1CFA146C00F471A9 /* PXSourceListPrivateConstants.h */ = {isa = PBXFileReference; fileEncoding = 4; lastKnownFileType = sourcecode.c.h; path = PXSourceListPrivateConstants.h; sourceTree = "<group>"; };
		5DC106301CFA146C00F471A9 /* PXSourceListRuntimeAdditions.h */ = {isa = PBXFileReference; fileEncoding = 4; lastKnownFileType = sourcecode.c.h; path = PXSourceListRuntimeAdditions.h; sourceTree = "<group>"; };
		5DC106311CFA146C00F471A9 /* PXSourceListRuntimeAdditions.m */ = {isa = PBXFileReference; fileEncoding = 4; lastKnownFileType = sourcecode.c.objc; path = PXSourceListRuntimeAdditions.m; sourceTree = "<group>"; };
		5DC106321CFA146C00F471A9 /* PXSourceList.h */ = {isa = PBXFileReference; fileEncoding = 4; lastKnownFileType = sourcecode.c.h; path = PXSourceList.h; sourceTree = "<group>"; };
		5DC106331CFA146C00F471A9 /* PXSourceList.m */ = {isa = PBXFileReference; fileEncoding = 4; lastKnownFileType = sourcecode.c.objc; path = PXSourceList.m; sourceTree = "<group>"; };
		5DC106341CFA146C00F471A9 /* PXSourceListBadgeCell.h */ = {isa = PBXFileReference; fileEncoding = 4; lastKnownFileType = sourcecode.c.h; path = PXSourceListBadgeCell.h; sourceTree = "<group>"; };
		5DC106351CFA146C00F471A9 /* PXSourceListBadgeCell.m */ = {isa = PBXFileReference; fileEncoding = 4; lastKnownFileType = sourcecode.c.objc; path = PXSourceListBadgeCell.m; sourceTree = "<group>"; };
		5DC106361CFA146C00F471A9 /* PXSourceListBadgeView.h */ = {isa = PBXFileReference; fileEncoding = 4; lastKnownFileType = sourcecode.c.h; path = PXSourceListBadgeView.h; sourceTree = "<group>"; };
		5DC106371CFA146C00F471A9 /* PXSourceListBadgeView.m */ = {isa = PBXFileReference; fileEncoding = 4; lastKnownFileType = sourcecode.c.objc; path = PXSourceListBadgeView.m; sourceTree = "<group>"; };
		5DC106381CFA146C00F471A9 /* PXSourceListDataSource.h */ = {isa = PBXFileReference; fileEncoding = 4; lastKnownFileType = sourcecode.c.h; path = PXSourceListDataSource.h; sourceTree = "<group>"; };
		5DC106391CFA146C00F471A9 /* PXSourceListDelegate.h */ = {isa = PBXFileReference; fileEncoding = 4; lastKnownFileType = sourcecode.c.h; path = PXSourceListDelegate.h; sourceTree = "<group>"; };
		5DC1063A1CFA146C00F471A9 /* PXSourceListItem.h */ = {isa = PBXFileReference; fileEncoding = 4; lastKnownFileType = sourcecode.c.h; path = PXSourceListItem.h; sourceTree = "<group>"; };
		5DC1063B1CFA146C00F471A9 /* PXSourceListItem.m */ = {isa = PBXFileReference; fileEncoding = 4; lastKnownFileType = sourcecode.c.objc; path = PXSourceListItem.m; sourceTree = "<group>"; };
		5DC1063C1CFA146C00F471A9 /* PXSourceListTableCellView.h */ = {isa = PBXFileReference; fileEncoding = 4; lastKnownFileType = sourcecode.c.h; path = PXSourceListTableCellView.h; sourceTree = "<group>"; };
		5DC1063D1CFA146C00F471A9 /* PXSourceListTableCellView.m */ = {isa = PBXFileReference; fileEncoding = 4; lastKnownFileType = sourcecode.c.objc; path = PXSourceListTableCellView.m; sourceTree = "<group>"; };
		5DE69AF31CF75FA2001772BF /* Keijiban.app */ = {isa = PBXFileReference; explicitFileType = wrapper.application; includeInIndex = 0; path = Keijiban.app; sourceTree = BUILT_PRODUCTS_DIR; };
		5DE69AF61CF75FA2001772BF /* AppDelegate.swift */ = {isa = PBXFileReference; lastKnownFileType = sourcecode.swift; path = AppDelegate.swift; sourceTree = "<group>"; };
		5DE69AF81CF75FA2001772BF /* ViewController.swift */ = {isa = PBXFileReference; lastKnownFileType = sourcecode.swift; path = ViewController.swift; sourceTree = "<group>"; };
		5DE69AFA1CF75FA2001772BF /* Assets.xcassets */ = {isa = PBXFileReference; lastKnownFileType = folder.assetcatalog; path = Assets.xcassets; sourceTree = "<group>"; };
		5DE69AFD1CF75FA2001772BF /* Base */ = {isa = PBXFileReference; lastKnownFileType = file.storyboard; name = Base; path = Base.lproj/Main.storyboard; sourceTree = "<group>"; };
		5DE69AFF1CF75FA2001772BF /* Info.plist */ = {isa = PBXFileReference; lastKnownFileType = text.plist.xml; path = Info.plist; sourceTree = "<group>"; };
		5DE69B041CF75FA2001772BF /* KeijibanTests.xctest */ = {isa = PBXFileReference; explicitFileType = wrapper.cfbundle; includeInIndex = 0; path = KeijibanTests.xctest; sourceTree = BUILT_PRODUCTS_DIR; };
		5DE69B081CF75FA2001772BF /* KeijibanTests.swift */ = {isa = PBXFileReference; lastKnownFileType = sourcecode.swift; path = KeijibanTests.swift; sourceTree = "<group>"; };
		5DE69B0A1CF75FA2001772BF /* Info.plist */ = {isa = PBXFileReference; lastKnownFileType = text.plist.xml; path = Info.plist; sourceTree = "<group>"; };
		5DE69B0F1CF75FA2001772BF /* KeijibanUITests.xctest */ = {isa = PBXFileReference; explicitFileType = wrapper.cfbundle; includeInIndex = 0; path = KeijibanUITests.xctest; sourceTree = BUILT_PRODUCTS_DIR; };
		5DE69B131CF75FA2001772BF /* KeijibanUITests.swift */ = {isa = PBXFileReference; lastKnownFileType = sourcecode.swift; path = KeijibanUITests.swift; sourceTree = "<group>"; };
		5DE69B151CF75FA2001772BF /* Info.plist */ = {isa = PBXFileReference; lastKnownFileType = text.plist.xml; path = Info.plist; sourceTree = "<group>"; };
		75D777992BDD323027ED194E /* Pods-KeijibanTests.debug.xcconfig */ = {isa = PBXFileReference; includeInIndex = 1; lastKnownFileType = text.xcconfig; name = "Pods-KeijibanTests.debug.xcconfig"; path = "Pods/Target Support Files/Pods-KeijibanTests/Pods-KeijibanTests.debug.xcconfig"; sourceTree = "<group>"; };
		7C251CEA02873653591170F6 /* Pods_KeijibanUITests.framework */ = {isa = PBXFileReference; explicitFileType = wrapper.framework; includeInIndex = 0; path = Pods_KeijibanUITests.framework; sourceTree = BUILT_PRODUCTS_DIR; };
		A86FA73CC2DB61F67EB993DA /* Pods-KeijibanTests.release.xcconfig */ = {isa = PBXFileReference; includeInIndex = 1; lastKnownFileType = text.xcconfig; name = "Pods-KeijibanTests.release.xcconfig"; path = "Pods/Target Support Files/Pods-KeijibanTests/Pods-KeijibanTests.release.xcconfig"; sourceTree = "<group>"; };
		AE6B0486752F1746DFEA5CCF /* Pods-Keijiban.debug.xcconfig */ = {isa = PBXFileReference; includeInIndex = 1; lastKnownFileType = text.xcconfig; name = "Pods-Keijiban.debug.xcconfig"; path = "Pods/Target Support Files/Pods-Keijiban/Pods-Keijiban.debug.xcconfig"; sourceTree = "<group>"; };
		BEA25A037E01D6141E67DDED /* Pods-KeijibanUITests.debug.xcconfig */ = {isa = PBXFileReference; includeInIndex = 1; lastKnownFileType = text.xcconfig; name = "Pods-KeijibanUITests.debug.xcconfig"; path = "Pods/Target Support Files/Pods-KeijibanUITests/Pods-KeijibanUITests.debug.xcconfig"; sourceTree = "<group>"; };
		D2D88563671BA85086297832 /* Pods_Keijiban.framework */ = {isa = PBXFileReference; explicitFileType = wrapper.framework; includeInIndex = 0; path = Pods_Keijiban.framework; sourceTree = BUILT_PRODUCTS_DIR; };
		D491B80E325BCAA4C2783710 /* Pods_KeijibanTests.framework */ = {isa = PBXFileReference; explicitFileType = wrapper.framework; includeInIndex = 0; path = Pods_KeijibanTests.framework; sourceTree = BUILT_PRODUCTS_DIR; };
		F99DD3989A84366B5C0C1609 /* Pods-KeijibanUITests.release.xcconfig */ = {isa = PBXFileReference; includeInIndex = 1; lastKnownFileType = text.xcconfig; name = "Pods-KeijibanUITests.release.xcconfig"; path = "Pods/Target Support Files/Pods-KeijibanUITests/Pods-KeijibanUITests.release.xcconfig"; sourceTree = "<group>"; };
/* End PBXFileReference section */

/* Begin PBXFrameworksBuildPhase section */
		5DE69AF01CF75FA2001772BF /* Frameworks */ = {
			isa = PBXFrameworksBuildPhase;
			buildActionMask = 2147483647;
			files = (
				B979DBA7306C15BD001D1433 /* Pods_Keijiban.framework in Frameworks */,
			);
			runOnlyForDeploymentPostprocessing = 0;
		};
		5DE69B011CF75FA2001772BF /* Frameworks */ = {
			isa = PBXFrameworksBuildPhase;
			buildActionMask = 2147483647;
			files = (
				A2A0ABBC4AF15446AF63AD36 /* Pods_KeijibanTests.framework in Frameworks */,
			);
			runOnlyForDeploymentPostprocessing = 0;
		};
		5DE69B0C1CF75FA2001772BF /* Frameworks */ = {
			isa = PBXFrameworksBuildPhase;
			buildActionMask = 2147483647;
			files = (
				F184E94ED3CE0AE3C97DA811 /* Pods_KeijibanUITests.framework in Frameworks */,
			);
			runOnlyForDeploymentPostprocessing = 0;
		};
/* End PBXFrameworksBuildPhase section */

/* Begin PBXGroup section */
		08DB4E00397C15102FA19B12 /* Frameworks */ = {
			isa = PBXGroup;
			children = (
				D2D88563671BA85086297832 /* Pods_Keijiban.framework */,
				D491B80E325BCAA4C2783710 /* Pods_KeijibanTests.framework */,
				7C251CEA02873653591170F6 /* Pods_KeijibanUITests.framework */,
			);
			name = Frameworks;
			sourceTree = "<group>";
		};
		193F48911F090084BE7D718E /* Pods */ = {
			isa = PBXGroup;
			children = (
				AE6B0486752F1746DFEA5CCF /* Pods-Keijiban.debug.xcconfig */,
				306B504F624CC5439ADE3E07 /* Pods-Keijiban.release.xcconfig */,
				75D777992BDD323027ED194E /* Pods-KeijibanTests.debug.xcconfig */,
				A86FA73CC2DB61F67EB993DA /* Pods-KeijibanTests.release.xcconfig */,
				BEA25A037E01D6141E67DDED /* Pods-KeijibanUITests.debug.xcconfig */,
				F99DD3989A84366B5C0C1609 /* Pods-KeijibanUITests.release.xcconfig */,
			);
			name = Pods;
			sourceTree = "<group>";
		};
		5D120F301CF7868400BF41FE /* Objective C */ = {
			isa = PBXGroup;
			children = (
				5D120F1E1CF7867B00BF41FE /* Keijiban-Bridging-Header.h */,
			);
			name = "Objective C";
			sourceTree = "<group>";
		};
		5D120F311CF786EB00BF41FE /* Libraries */ = {
			isa = PBXGroup;
			children = (
				5D8485501CFA11C5008A0F8F /* SwiftyJSON */,
				5DC1062B1CFA146C00F471A9 /* PXSourceList */,
				5D120F321CF786FA00BF41FE /* LITabControl */,
			);
			name = Libraries;
			sourceTree = "<group>";
		};
		5D120F321CF786FA00BF41FE /* LITabControl */ = {
			isa = PBXGroup;
			children = (
				5D120F341CF786FA00BF41FE /* LITabCell.h */,
				5D120F351CF786FA00BF41FE /* LITabCell.m */,
				5D120F361CF786FA00BF41FE /* LITabControl.h */,
				5D120F371CF786FA00BF41FE /* LITabControl.m */,
				5D120F3B1CF786FA00BF41FE /* NSImage+LITabControl.h */,
				5D120F3C1CF786FA00BF41FE /* NSImage+LITabControl.m */,
			);
			path = LITabControl;
			sourceTree = "<group>";
		};
		5D120F441CF7883A00BF41FE /* Objects */ = {
			isa = PBXGroup;
			children = (
				5D7F2E841CFA153D008FFAB2 /* 4chan */,
				5D120F451CF7885400BF41FE /* KJBrowserWindowPostsTabItem.swift */,
			);
			name = Objects;
			sourceTree = "<group>";
		};
		5D7957BD1CF9F50900CFE83E /* Utilities */ = {
			isa = PBXGroup;
			children = (
				5D7957BE1CF9F51C00CFE83E /* KJConstants.swift */,
				5D7B17E51CFA11130062705C /* KJ4CUtilities.swift */,
			);
			name = Utilities;
			sourceTree = "<group>";
		};
		5D7F2E841CFA153D008FFAB2 /* 4chan */ = {
			isa = PBXGroup;
			children = (
				5D7F2E851CFA154C008FFAB2 /* KJ4CPost.swift */,
				5D7F2E871CFA1580008FFAB2 /* KJ4CBoard.swift */,
			);
			name = 4chan;
			sourceTree = "<group>";
		};
		5D83AB101CF769D500B4F81B /* Custom Views */ = {
			isa = PBXGroup;
			children = (
				5D83AB111CF769EF00B4F81B /* KJColoredView.swift */,
				5D83AB131CF76AAF00B4F81B /* KJNoDividerSplitView.swift */,
			);
			name = "Custom Views";
			sourceTree = "<group>";
		};
		5D83AB161CF76B7600B4F81B /* Storyboards */ = {
			isa = PBXGroup;
			children = (
				5DE69AFC1CF75FA2001772BF /* Main.storyboard */,
			);
			name = Storyboards;
			sourceTree = "<group>";
		};
		5D83AB191CF76F6A00B4F81B /* View Controllers */ = {
			isa = PBXGroup;
			children = (
				5D83AB201CF7753400B4F81B /* Browser */,
			);
			name = "View Controllers";
			sourceTree = "<group>";
		};
		5D83AB1A1CF7703A00B4F81B /* Sidebar */ = {
			isa = PBXGroup;
			children = (
				5D83AB1B1CF7705200B4F81B /* KJBrowserWindowSidebarViewController.swift */,
			);
			name = Sidebar;
			sourceTree = "<group>";
		};
		5D83AB1D1CF7707300B4F81B /* Posts */ = {
			isa = PBXGroup;
			children = (
				5D83AB1E1CF7708600B4F81B /* KJBrowserWindowPostsViewController.swift */,
				5D89F1CA1CF8E23F006752C5 /* KJPostViewerViewController.swift */,
			);
			name = Posts;
			sourceTree = "<group>";
		};
		5D83AB201CF7753400B4F81B /* Browser */ = {
			isa = PBXGroup;
			children = (
				5D83AB211CF7758A00B4F81B /* KJBrowserWindowSplitViewController.swift */,
				5D83AB1D1CF7707300B4F81B /* Posts */,
				5D83AB1A1CF7703A00B4F81B /* Sidebar */,
			);
			name = Browser;
			sourceTree = "<group>";
		};
		5D8485501CFA11C5008A0F8F /* SwiftyJSON */ = {
			isa = PBXGroup;
			children = (
				5D8485511CFA11CD008A0F8F /* SwiftyJSON.swift */,
			);
			name = SwiftyJSON;
			sourceTree = "<group>";
		};
		5DC1062B1CFA146C00F471A9 /* PXSourceList */ = {
			isa = PBXGroup;
			children = (
				5DC1062C1CFA146C00F471A9 /* Internal */,
				5DC106321CFA146C00F471A9 /* PXSourceList.h */,
				5DC106331CFA146C00F471A9 /* PXSourceList.m */,
				5DC106341CFA146C00F471A9 /* PXSourceListBadgeCell.h */,
				5DC106351CFA146C00F471A9 /* PXSourceListBadgeCell.m */,
				5DC106361CFA146C00F471A9 /* PXSourceListBadgeView.h */,
				5DC106371CFA146C00F471A9 /* PXSourceListBadgeView.m */,
				5DC106381CFA146C00F471A9 /* PXSourceListDataSource.h */,
				5DC106391CFA146C00F471A9 /* PXSourceListDelegate.h */,
				5DC1063A1CFA146C00F471A9 /* PXSourceListItem.h */,
				5DC1063B1CFA146C00F471A9 /* PXSourceListItem.m */,
				5DC1063C1CFA146C00F471A9 /* PXSourceListTableCellView.h */,
				5DC1063D1CFA146C00F471A9 /* PXSourceListTableCellView.m */,
			);
			name = PXSourceList;
			path = LITabControl/PXSourceList;
			sourceTree = "<group>";
		};
		5DC1062C1CFA146C00F471A9 /* Internal */ = {
			isa = PBXGroup;
			children = (
				5DC1062D1CFA146C00F471A9 /* PXSourceListDelegateDataSourceProxy.h */,
				5DC1062E1CFA146C00F471A9 /* PXSourceListDelegateDataSourceProxy.m */,
				5DC1062F1CFA146C00F471A9 /* PXSourceListPrivateConstants.h */,
				5DC106301CFA146C00F471A9 /* PXSourceListRuntimeAdditions.h */,
				5DC106311CFA146C00F471A9 /* PXSourceListRuntimeAdditions.m */,
			);
			path = Internal;
			sourceTree = "<group>";
		};
		5DE69AEA1CF75FA2001772BF = {
			isa = PBXGroup;
			children = (
				5DE69AF51CF75FA2001772BF /* Keijiban */,
				5DE69B071CF75FA2001772BF /* KeijibanTests */,
				5DE69B121CF75FA2001772BF /* KeijibanUITests */,
				5DE69AF41CF75FA2001772BF /* Products */,
				193F48911F090084BE7D718E /* Pods */,
				08DB4E00397C15102FA19B12 /* Frameworks */,
			);
			sourceTree = "<group>";
		};
		5DE69AF41CF75FA2001772BF /* Products */ = {
			isa = PBXGroup;
			children = (
				5DE69AF31CF75FA2001772BF /* Keijiban.app */,
				5DE69B041CF75FA2001772BF /* KeijibanTests.xctest */,
				5DE69B0F1CF75FA2001772BF /* KeijibanUITests.xctest */,
			);
			name = Products;
			sourceTree = "<group>";
		};
		5DE69AF51CF75FA2001772BF /* Keijiban */ = {
			isa = PBXGroup;
			children = (
				5DE69AF61CF75FA2001772BF /* AppDelegate.swift */,
				5DE69AF81CF75FA2001772BF /* ViewController.swift */,
				5D83AB161CF76B7600B4F81B /* Storyboards */,
				5D83AB101CF769D500B4F81B /* Custom Views */,
				5D120F441CF7883A00BF41FE /* Objects */,
				5D7957BD1CF9F50900CFE83E /* Utilities */,
				5D83AB191CF76F6A00B4F81B /* View Controllers */,
				5D120F311CF786EB00BF41FE /* Libraries */,
				5D120F301CF7868400BF41FE /* Objective C */,
				5DE69AFA1CF75FA2001772BF /* Assets.xcassets */,
				5DE69AFF1CF75FA2001772BF /* Info.plist */,
			);
			path = Keijiban;
			sourceTree = "<group>";
		};
		5DE69B071CF75FA2001772BF /* KeijibanTests */ = {
			isa = PBXGroup;
			children = (
				5DE69B081CF75FA2001772BF /* KeijibanTests.swift */,
				5DE69B0A1CF75FA2001772BF /* Info.plist */,
			);
			path = KeijibanTests;
			sourceTree = "<group>";
		};
		5DE69B121CF75FA2001772BF /* KeijibanUITests */ = {
			isa = PBXGroup;
			children = (
				5DE69B131CF75FA2001772BF /* KeijibanUITests.swift */,
				5DE69B151CF75FA2001772BF /* Info.plist */,
			);
			path = KeijibanUITests;
			sourceTree = "<group>";
		};
/* End PBXGroup section */

/* Begin PBXNativeTarget section */
		5DE69AF21CF75FA2001772BF /* Keijiban */ = {
			isa = PBXNativeTarget;
			buildConfigurationList = 5DE69B181CF75FA2001772BF /* Build configuration list for PBXNativeTarget "Keijiban" */;
			buildPhases = (
				44488979B7BE096EE1BAD9EB /* 📦 Check Pods Manifest.lock */,
				5DE69AEF1CF75FA2001772BF /* Sources */,
				5DE69AF01CF75FA2001772BF /* Frameworks */,
				5DE69AF11CF75FA2001772BF /* Resources */,
				8B8D1D929613F34F82F4A728 /* 📦 Embed Pods Frameworks */,
				B99EAC5DFE91286EEF721268 /* 📦 Copy Pods Resources */,
			);
			buildRules = (
			);
			dependencies = (
			);
			name = Keijiban;
			productName = Keijiban;
			productReference = 5DE69AF31CF75FA2001772BF /* Keijiban.app */;
			productType = "com.apple.product-type.application";
		};
		5DE69B031CF75FA2001772BF /* KeijibanTests */ = {
			isa = PBXNativeTarget;
			buildConfigurationList = 5DE69B1B1CF75FA2001772BF /* Build configuration list for PBXNativeTarget "KeijibanTests" */;
			buildPhases = (
				839F3577F8CD0B08A6708EA1 /* 📦 Check Pods Manifest.lock */,
				5DE69B001CF75FA2001772BF /* Sources */,
				5DE69B011CF75FA2001772BF /* Frameworks */,
				5DE69B021CF75FA2001772BF /* Resources */,
				394E8109F579A3F4E90E2514 /* 📦 Embed Pods Frameworks */,
				C7D283448912ED88A270B7B4 /* 📦 Copy Pods Resources */,
			);
			buildRules = (
			);
			dependencies = (
				5DE69B061CF75FA2001772BF /* PBXTargetDependency */,
			);
			name = KeijibanTests;
			productName = KeijibanTests;
			productReference = 5DE69B041CF75FA2001772BF /* KeijibanTests.xctest */;
			productType = "com.apple.product-type.bundle.unit-test";
		};
		5DE69B0E1CF75FA2001772BF /* KeijibanUITests */ = {
			isa = PBXNativeTarget;
			buildConfigurationList = 5DE69B1E1CF75FA2001772BF /* Build configuration list for PBXNativeTarget "KeijibanUITests" */;
			buildPhases = (
				8A6CA7DEC1A874D96E1363C8 /* 📦 Check Pods Manifest.lock */,
				5DE69B0B1CF75FA2001772BF /* Sources */,
				5DE69B0C1CF75FA2001772BF /* Frameworks */,
				5DE69B0D1CF75FA2001772BF /* Resources */,
				69D25CF05602711B1CF2B766 /* 📦 Copy Pods Resources */,
			);
			buildRules = (
			);
			dependencies = (
				5DE69B111CF75FA2001772BF /* PBXTargetDependency */,
			);
			name = KeijibanUITests;
			productName = KeijibanUITests;
			productReference = 5DE69B0F1CF75FA2001772BF /* KeijibanUITests.xctest */;
			productType = "com.apple.product-type.bundle.ui-testing";
		};
/* End PBXNativeTarget section */

/* Begin PBXProject section */
		5DE69AEB1CF75FA2001772BF /* Project object */ = {
			isa = PBXProject;
			attributes = {
				LastSwiftUpdateCheck = 0720;
				LastUpgradeCheck = 0720;
				ORGANIZATIONNAME = DrabWeb;
				TargetAttributes = {
					5DE69AF21CF75FA2001772BF = {
						CreatedOnToolsVersion = 7.2;
					};
					5DE69B031CF75FA2001772BF = {
						CreatedOnToolsVersion = 7.2;
						TestTargetID = 5DE69AF21CF75FA2001772BF;
					};
					5DE69B0E1CF75FA2001772BF = {
						CreatedOnToolsVersion = 7.2;
						TestTargetID = 5DE69AF21CF75FA2001772BF;
					};
				};
			};
			buildConfigurationList = 5DE69AEE1CF75FA2001772BF /* Build configuration list for PBXProject "Keijiban" */;
			compatibilityVersion = "Xcode 3.2";
			developmentRegion = English;
			hasScannedForEncodings = 0;
			knownRegions = (
				en,
				Base,
			);
			mainGroup = 5DE69AEA1CF75FA2001772BF;
			productRefGroup = 5DE69AF41CF75FA2001772BF /* Products */;
			projectDirPath = "";
			projectRoot = "";
			targets = (
				5DE69AF21CF75FA2001772BF /* Keijiban */,
				5DE69B031CF75FA2001772BF /* KeijibanTests */,
				5DE69B0E1CF75FA2001772BF /* KeijibanUITests */,
			);
		};
/* End PBXProject section */

/* Begin PBXResourcesBuildPhase section */
		5DE69AF11CF75FA2001772BF /* Resources */ = {
			isa = PBXResourcesBuildPhase;
			buildActionMask = 2147483647;
			files = (
				5DE69AFB1CF75FA2001772BF /* Assets.xcassets in Resources */,
				5DE69AFE1CF75FA2001772BF /* Main.storyboard in Resources */,
			);
			runOnlyForDeploymentPostprocessing = 0;
		};
		5DE69B021CF75FA2001772BF /* Resources */ = {
			isa = PBXResourcesBuildPhase;
			buildActionMask = 2147483647;
			files = (
			);
			runOnlyForDeploymentPostprocessing = 0;
		};
		5DE69B0D1CF75FA2001772BF /* Resources */ = {
			isa = PBXResourcesBuildPhase;
			buildActionMask = 2147483647;
			files = (
			);
			runOnlyForDeploymentPostprocessing = 0;
		};
/* End PBXResourcesBuildPhase section */

/* Begin PBXShellScriptBuildPhase section */
		394E8109F579A3F4E90E2514 /* 📦 Embed Pods Frameworks */ = {
			isa = PBXShellScriptBuildPhase;
			buildActionMask = 2147483647;
			files = (
			);
			inputPaths = (
			);
			name = "📦 Embed Pods Frameworks";
			outputPaths = (
			);
			runOnlyForDeploymentPostprocessing = 0;
			shellPath = /bin/sh;
			shellScript = "\"${SRCROOT}/Pods/Target Support Files/Pods-KeijibanTests/Pods-KeijibanTests-frameworks.sh\"\n";
			showEnvVarsInLog = 0;
		};
		44488979B7BE096EE1BAD9EB /* 📦 Check Pods Manifest.lock */ = {
			isa = PBXShellScriptBuildPhase;
			buildActionMask = 2147483647;
			files = (
			);
			inputPaths = (
			);
			name = "📦 Check Pods Manifest.lock";
			outputPaths = (
			);
			runOnlyForDeploymentPostprocessing = 0;
			shellPath = /bin/sh;
			shellScript = "diff \"${PODS_ROOT}/../Podfile.lock\" \"${PODS_ROOT}/Manifest.lock\" > /dev/null\nif [[ $? != 0 ]] ; then\n    cat << EOM\nerror: The sandbox is not in sync with the Podfile.lock. Run 'pod install' or update your CocoaPods installation.\nEOM\n    exit 1\nfi\n";
			showEnvVarsInLog = 0;
		};
		69D25CF05602711B1CF2B766 /* 📦 Copy Pods Resources */ = {
			isa = PBXShellScriptBuildPhase;
			buildActionMask = 2147483647;
			files = (
			);
			inputPaths = (
			);
			name = "📦 Copy Pods Resources";
			outputPaths = (
			);
			runOnlyForDeploymentPostprocessing = 0;
			shellPath = /bin/sh;
			shellScript = "\"${SRCROOT}/Pods/Target Support Files/Pods-KeijibanUITests/Pods-KeijibanUITests-resources.sh\"\n";
			showEnvVarsInLog = 0;
		};
		839F3577F8CD0B08A6708EA1 /* 📦 Check Pods Manifest.lock */ = {
			isa = PBXShellScriptBuildPhase;
			buildActionMask = 2147483647;
			files = (
			);
			inputPaths = (
			);
			name = "📦 Check Pods Manifest.lock";
			outputPaths = (
			);
			runOnlyForDeploymentPostprocessing = 0;
			shellPath = /bin/sh;
			shellScript = "diff \"${PODS_ROOT}/../Podfile.lock\" \"${PODS_ROOT}/Manifest.lock\" > /dev/null\nif [[ $? != 0 ]] ; then\n    cat << EOM\nerror: The sandbox is not in sync with the Podfile.lock. Run 'pod install' or update your CocoaPods installation.\nEOM\n    exit 1\nfi\n";
			showEnvVarsInLog = 0;
		};
		8A6CA7DEC1A874D96E1363C8 /* 📦 Check Pods Manifest.lock */ = {
			isa = PBXShellScriptBuildPhase;
			buildActionMask = 2147483647;
			files = (
			);
			inputPaths = (
			);
			name = "📦 Check Pods Manifest.lock";
			outputPaths = (
			);
			runOnlyForDeploymentPostprocessing = 0;
			shellPath = /bin/sh;
			shellScript = "diff \"${PODS_ROOT}/../Podfile.lock\" \"${PODS_ROOT}/Manifest.lock\" > /dev/null\nif [[ $? != 0 ]] ; then\n    cat << EOM\nerror: The sandbox is not in sync with the Podfile.lock. Run 'pod install' or update your CocoaPods installation.\nEOM\n    exit 1\nfi\n";
			showEnvVarsInLog = 0;
		};
		8B8D1D929613F34F82F4A728 /* 📦 Embed Pods Frameworks */ = {
			isa = PBXShellScriptBuildPhase;
			buildActionMask = 2147483647;
			files = (
			);
			inputPaths = (
			);
			name = "📦 Embed Pods Frameworks";
			outputPaths = (
			);
			runOnlyForDeploymentPostprocessing = 0;
			shellPath = /bin/sh;
			shellScript = "\"${SRCROOT}/Pods/Target Support Files/Pods-Keijiban/Pods-Keijiban-frameworks.sh\"\n";
			showEnvVarsInLog = 0;
		};
		B99EAC5DFE91286EEF721268 /* 📦 Copy Pods Resources */ = {
			isa = PBXShellScriptBuildPhase;
			buildActionMask = 2147483647;
			files = (
			);
			inputPaths = (
			);
			name = "📦 Copy Pods Resources";
			outputPaths = (
			);
			runOnlyForDeploymentPostprocessing = 0;
			shellPath = /bin/sh;
			shellScript = "\"${SRCROOT}/Pods/Target Support Files/Pods-Keijiban/Pods-Keijiban-resources.sh\"\n";
			showEnvVarsInLog = 0;
		};
		C7D283448912ED88A270B7B4 /* 📦 Copy Pods Resources */ = {
			isa = PBXShellScriptBuildPhase;
			buildActionMask = 2147483647;
			files = (
			);
			inputPaths = (
			);
			name = "📦 Copy Pods Resources";
			outputPaths = (
			);
			runOnlyForDeploymentPostprocessing = 0;
			shellPath = /bin/sh;
			shellScript = "\"${SRCROOT}/Pods/Target Support Files/Pods-KeijibanTests/Pods-KeijibanTests-resources.sh\"\n";
			showEnvVarsInLog = 0;
		};
/* End PBXShellScriptBuildPhase section */

/* Begin PBXSourcesBuildPhase section */
		5DE69AEF1CF75FA2001772BF /* Sources */ = {
			isa = PBXSourcesBuildPhase;
			buildActionMask = 2147483647;
			files = (
				5D83AB1C1CF7705200B4F81B /* KJBrowserWindowSidebarViewController.swift in Sources */,
				5DC106421CFA146C00F471A9 /* PXSourceListBadgeView.m in Sources */,
				5DC106431CFA146C00F471A9 /* PXSourceListItem.m in Sources */,
				5DC106411CFA146C00F471A9 /* PXSourceListBadgeCell.m in Sources */,
				5D83AB121CF769EF00B4F81B /* KJColoredView.swift in Sources */,
				5D7B17E61CFA11130062705C /* KJ4CUtilities.swift in Sources */,
				5DC106441CFA146C00F471A9 /* PXSourceListTableCellView.m in Sources */,
				5DC1063F1CFA146C00F471A9 /* PXSourceListRuntimeAdditions.m in Sources */,
				5D8485521CFA11CD008A0F8F /* SwiftyJSON.swift in Sources */,
				5D120F3E1CF786FA00BF41FE /* LITabCell.m in Sources */,
				5DC106401CFA146C00F471A9 /* PXSourceList.m in Sources */,
				5D83AB141CF76AAF00B4F81B /* KJNoDividerSplitView.swift in Sources */,
				5D83AB221CF7758A00B4F81B /* KJBrowserWindowSplitViewController.swift in Sources */,
				5D120F431CF786FA00BF41FE /* NSImage+LITabControl.m in Sources */,
				5D7F2E881CFA1580008FFAB2 /* KJ4CBoard.swift in Sources */,
				5D120F461CF7885400BF41FE /* KJBrowserWindowPostsTabItem.swift in Sources */,
				5D7F2E861CFA154C008FFAB2 /* KJ4CPost.swift in Sources */,
				5D83AB1F1CF7708600B4F81B /* KJBrowserWindowPostsViewController.swift in Sources */,
				5D7957BF1CF9F51C00CFE83E /* KJConstants.swift in Sources */,
				5D89F1CB1CF8E23F006752C5 /* KJPostViewerViewController.swift in Sources */,
				5DE69AF91CF75FA2001772BF /* ViewController.swift in Sources */,
				5DC1063E1CFA146C00F471A9 /* PXSourceListDelegateDataSourceProxy.m in Sources */,
				5D120F3F1CF786FA00BF41FE /* LITabControl.m in Sources */,
				5DE69AF71CF75FA2001772BF /* AppDelegate.swift in Sources */,
			);
			runOnlyForDeploymentPostprocessing = 0;
		};
		5DE69B001CF75FA2001772BF /* Sources */ = {
			isa = PBXSourcesBuildPhase;
			buildActionMask = 2147483647;
			files = (
				5DE69B091CF75FA2001772BF /* KeijibanTests.swift in Sources */,
			);
			runOnlyForDeploymentPostprocessing = 0;
		};
		5DE69B0B1CF75FA2001772BF /* Sources */ = {
			isa = PBXSourcesBuildPhase;
			buildActionMask = 2147483647;
			files = (
				5DE69B141CF75FA2001772BF /* KeijibanUITests.swift in Sources */,
			);
			runOnlyForDeploymentPostprocessing = 0;
		};
/* End PBXSourcesBuildPhase section */

/* Begin PBXTargetDependency section */
		5DE69B061CF75FA2001772BF /* PBXTargetDependency */ = {
			isa = PBXTargetDependency;
			target = 5DE69AF21CF75FA2001772BF /* Keijiban */;
			targetProxy = 5DE69B051CF75FA2001772BF /* PBXContainerItemProxy */;
		};
		5DE69B111CF75FA2001772BF /* PBXTargetDependency */ = {
			isa = PBXTargetDependency;
			target = 5DE69AF21CF75FA2001772BF /* Keijiban */;
			targetProxy = 5DE69B101CF75FA2001772BF /* PBXContainerItemProxy */;
		};
/* End PBXTargetDependency section */

/* Begin PBXVariantGroup section */
		5DE69AFC1CF75FA2001772BF /* Main.storyboard */ = {
			isa = PBXVariantGroup;
			children = (
				5DE69AFD1CF75FA2001772BF /* Base */,
			);
			name = Main.storyboard;
			sourceTree = "<group>";
		};
/* End PBXVariantGroup section */

/* Begin XCBuildConfiguration section */
		5DE69B161CF75FA2001772BF /* Debug */ = {
			isa = XCBuildConfiguration;
			buildSettings = {
				ALWAYS_SEARCH_USER_PATHS = NO;
				CLANG_CXX_LANGUAGE_STANDARD = "gnu++0x";
				CLANG_CXX_LIBRARY = "libc++";
				CLANG_ENABLE_MODULES = YES;
				CLANG_ENABLE_OBJC_ARC = YES;
				CLANG_WARN_BOOL_CONVERSION = YES;
				CLANG_WARN_CONSTANT_CONVERSION = YES;
				CLANG_WARN_DIRECT_OBJC_ISA_USAGE = YES_ERROR;
				CLANG_WARN_EMPTY_BODY = YES;
				CLANG_WARN_ENUM_CONVERSION = YES;
				CLANG_WARN_INT_CONVERSION = YES;
				CLANG_WARN_OBJC_ROOT_CLASS = YES_ERROR;
				CLANG_WARN_UNREACHABLE_CODE = YES;
				CLANG_WARN__DUPLICATE_METHOD_MATCH = YES;
				CODE_SIGN_IDENTITY = "-";
				COPY_PHASE_STRIP = NO;
				DEBUG_INFORMATION_FORMAT = dwarf;
				ENABLE_STRICT_OBJC_MSGSEND = YES;
				ENABLE_TESTABILITY = YES;
				GCC_C_LANGUAGE_STANDARD = gnu99;
				GCC_DYNAMIC_NO_PIC = NO;
				GCC_NO_COMMON_BLOCKS = YES;
				GCC_OPTIMIZATION_LEVEL = 0;
				GCC_PREPROCESSOR_DEFINITIONS = (
					"DEBUG=1",
					"$(inherited)",
				);
				GCC_WARN_64_TO_32_BIT_CONVERSION = YES;
				GCC_WARN_ABOUT_RETURN_TYPE = YES_ERROR;
				GCC_WARN_UNDECLARED_SELECTOR = YES;
				GCC_WARN_UNINITIALIZED_AUTOS = YES_AGGRESSIVE;
				GCC_WARN_UNUSED_FUNCTION = YES;
				GCC_WARN_UNUSED_VARIABLE = YES;
				MACOSX_DEPLOYMENT_TARGET = 10.11;
				MTL_ENABLE_DEBUG_INFO = YES;
				ONLY_ACTIVE_ARCH = YES;
				SDKROOT = macosx;
				SWIFT_OPTIMIZATION_LEVEL = "-Onone";
			};
			name = Debug;
		};
		5DE69B171CF75FA2001772BF /* Release */ = {
			isa = XCBuildConfiguration;
			buildSettings = {
				ALWAYS_SEARCH_USER_PATHS = NO;
				CLANG_CXX_LANGUAGE_STANDARD = "gnu++0x";
				CLANG_CXX_LIBRARY = "libc++";
				CLANG_ENABLE_MODULES = YES;
				CLANG_ENABLE_OBJC_ARC = YES;
				CLANG_WARN_BOOL_CONVERSION = YES;
				CLANG_WARN_CONSTANT_CONVERSION = YES;
				CLANG_WARN_DIRECT_OBJC_ISA_USAGE = YES_ERROR;
				CLANG_WARN_EMPTY_BODY = YES;
				CLANG_WARN_ENUM_CONVERSION = YES;
				CLANG_WARN_INT_CONVERSION = YES;
				CLANG_WARN_OBJC_ROOT_CLASS = YES_ERROR;
				CLANG_WARN_UNREACHABLE_CODE = YES;
				CLANG_WARN__DUPLICATE_METHOD_MATCH = YES;
				CODE_SIGN_IDENTITY = "-";
				COPY_PHASE_STRIP = NO;
				DEBUG_INFORMATION_FORMAT = "dwarf-with-dsym";
				ENABLE_NS_ASSERTIONS = NO;
				ENABLE_STRICT_OBJC_MSGSEND = YES;
				GCC_C_LANGUAGE_STANDARD = gnu99;
				GCC_NO_COMMON_BLOCKS = YES;
				GCC_WARN_64_TO_32_BIT_CONVERSION = YES;
				GCC_WARN_ABOUT_RETURN_TYPE = YES_ERROR;
				GCC_WARN_UNDECLARED_SELECTOR = YES;
				GCC_WARN_UNINITIALIZED_AUTOS = YES_AGGRESSIVE;
				GCC_WARN_UNUSED_FUNCTION = YES;
				GCC_WARN_UNUSED_VARIABLE = YES;
				MACOSX_DEPLOYMENT_TARGET = 10.11;
				MTL_ENABLE_DEBUG_INFO = NO;
				SDKROOT = macosx;
			};
			name = Release;
		};
		5DE69B191CF75FA2001772BF /* Debug */ = {
			isa = XCBuildConfiguration;
			baseConfigurationReference = AE6B0486752F1746DFEA5CCF /* Pods-Keijiban.debug.xcconfig */;
			buildSettings = {
				ASSETCATALOG_COMPILER_APPICON_NAME = AppIcon;
				CLANG_ENABLE_MODULES = YES;
				COMBINE_HIDPI_IMAGES = YES;
				INFOPLIST_FILE = Keijiban/Info.plist;
				LD_RUNPATH_SEARCH_PATHS = "$(inherited) @executable_path/../Frameworks";
				MACOSX_DEPLOYMENT_TARGET = 10.10;
				PRODUCT_BUNDLE_IDENTIFIER = drabweb.Keijiban;
				PRODUCT_NAME = "$(TARGET_NAME)";
				SWIFT_OBJC_BRIDGING_HEADER = "Keijiban/Keijiban-Bridging-Header.h";
				SWIFT_OPTIMIZATION_LEVEL = "-Onone";
			};
			name = Debug;
		};
		5DE69B1A1CF75FA2001772BF /* Release */ = {
			isa = XCBuildConfiguration;
			baseConfigurationReference = 306B504F624CC5439ADE3E07 /* Pods-Keijiban.release.xcconfig */;
			buildSettings = {
				ASSETCATALOG_COMPILER_APPICON_NAME = AppIcon;
				CLANG_ENABLE_MODULES = YES;
				COMBINE_HIDPI_IMAGES = YES;
				INFOPLIST_FILE = Keijiban/Info.plist;
				LD_RUNPATH_SEARCH_PATHS = "$(inherited) @executable_path/../Frameworks";
				MACOSX_DEPLOYMENT_TARGET = 10.10;
				PRODUCT_BUNDLE_IDENTIFIER = drabweb.Keijiban;
				PRODUCT_NAME = "$(TARGET_NAME)";
				SWIFT_OBJC_BRIDGING_HEADER = "Keijiban/Keijiban-Bridging-Header.h";
			};
			name = Release;
		};
		5DE69B1C1CF75FA2001772BF /* Debug */ = {
			isa = XCBuildConfiguration;
			baseConfigurationReference = 75D777992BDD323027ED194E /* Pods-KeijibanTests.debug.xcconfig */;
			buildSettings = {
				BUNDLE_LOADER = "$(TEST_HOST)";
				COMBINE_HIDPI_IMAGES = YES;
				INFOPLIST_FILE = KeijibanTests/Info.plist;
				LD_RUNPATH_SEARCH_PATHS = "$(inherited) @executable_path/../Frameworks @loader_path/../Frameworks";
				PRODUCT_BUNDLE_IDENTIFIER = drabweb.KeijibanTests;
				PRODUCT_NAME = "$(TARGET_NAME)";
				TEST_HOST = "$(BUILT_PRODUCTS_DIR)/Keijiban.app/Contents/MacOS/Keijiban";
			};
			name = Debug;
		};
		5DE69B1D1CF75FA2001772BF /* Release */ = {
			isa = XCBuildConfiguration;
			baseConfigurationReference = A86FA73CC2DB61F67EB993DA /* Pods-KeijibanTests.release.xcconfig */;
			buildSettings = {
				BUNDLE_LOADER = "$(TEST_HOST)";
				COMBINE_HIDPI_IMAGES = YES;
				INFOPLIST_FILE = KeijibanTests/Info.plist;
				LD_RUNPATH_SEARCH_PATHS = "$(inherited) @executable_path/../Frameworks @loader_path/../Frameworks";
				PRODUCT_BUNDLE_IDENTIFIER = drabweb.KeijibanTests;
				PRODUCT_NAME = "$(TARGET_NAME)";
				TEST_HOST = "$(BUILT_PRODUCTS_DIR)/Keijiban.app/Contents/MacOS/Keijiban";
			};
			name = Release;
		};
		5DE69B1F1CF75FA2001772BF /* Debug */ = {
			isa = XCBuildConfiguration;
			baseConfigurationReference = BEA25A037E01D6141E67DDED /* Pods-KeijibanUITests.debug.xcconfig */;
			buildSettings = {
				COMBINE_HIDPI_IMAGES = YES;
				INFOPLIST_FILE = KeijibanUITests/Info.plist;
				LD_RUNPATH_SEARCH_PATHS = "$(inherited) @executable_path/../Frameworks @loader_path/../Frameworks";
				PRODUCT_BUNDLE_IDENTIFIER = drabweb.KeijibanUITests;
				PRODUCT_NAME = "$(TARGET_NAME)";
				TEST_TARGET_NAME = Keijiban;
				USES_XCTRUNNER = YES;
			};
			name = Debug;
		};
		5DE69B201CF75FA2001772BF /* Release */ = {
			isa = XCBuildConfiguration;
			baseConfigurationReference = F99DD3989A84366B5C0C1609 /* Pods-KeijibanUITests.release.xcconfig */;
			buildSettings = {
				COMBINE_HIDPI_IMAGES = YES;
				INFOPLIST_FILE = KeijibanUITests/Info.plist;
				LD_RUNPATH_SEARCH_PATHS = "$(inherited) @executable_path/../Frameworks @loader_path/../Frameworks";
				PRODUCT_BUNDLE_IDENTIFIER = drabweb.KeijibanUITests;
				PRODUCT_NAME = "$(TARGET_NAME)";
				TEST_TARGET_NAME = Keijiban;
				USES_XCTRUNNER = YES;
			};
			name = Release;
		};
/* End XCBuildConfiguration section */

/* Begin XCConfigurationList section */
		5DE69AEE1CF75FA2001772BF /* Build configuration list for PBXProject "Keijiban" */ = {
			isa = XCConfigurationList;
			buildConfigurations = (
				5DE69B161CF75FA2001772BF /* Debug */,
				5DE69B171CF75FA2001772BF /* Release */,
			);
			defaultConfigurationIsVisible = 0;
			defaultConfigurationName = Release;
		};
		5DE69B181CF75FA2001772BF /* Build configuration list for PBXNativeTarget "Keijiban" */ = {
			isa = XCConfigurationList;
			buildConfigurations = (
				5DE69B191CF75FA2001772BF /* Debug */,
				5DE69B1A1CF75FA2001772BF /* Release */,
			);
			defaultConfigurationIsVisible = 0;
			defaultConfigurationName = Release;
		};
		5DE69B1B1CF75FA2001772BF /* Build configuration list for PBXNativeTarget "KeijibanTests" */ = {
			isa = XCConfigurationList;
			buildConfigurations = (
				5DE69B1C1CF75FA2001772BF /* Debug */,
				5DE69B1D1CF75FA2001772BF /* Release */,
			);
			defaultConfigurationIsVisible = 0;
			defaultConfigurationName = Release;
		};
		5DE69B1E1CF75FA2001772BF /* Build configuration list for PBXNativeTarget "KeijibanUITests" */ = {
			isa = XCConfigurationList;
			buildConfigurations = (
				5DE69B1F1CF75FA2001772BF /* Debug */,
				5DE69B201CF75FA2001772BF /* Release */,
			);
			defaultConfigurationIsVisible = 0;
			defaultConfigurationName = Release;
		};
/* End XCConfigurationList section */
	};
	rootObject = 5DE69AEB1CF75FA2001772BF /* Project object */;
}
